
Microsoft Visual Studio Solution File, Format Version 12.00
# Visual Studio Version 16
VisualStudioVersion = 16.0.31829.152
MinimumVisualStudioVersion = 10.0.40219.1
Project("{9A19103F-16F7-4668-BE54-9A1E7A4F7556}") = "ACBEO_TrainingsTool_NEW_WPF", "ACBEO_TrainingsTool_NEW_WPF\ACBEO_TrainingsTool_NEW_WPF.csproj", "{AC4B1649-09E2-4B22-9624-D3FA8F2008DF}"
EndProject
Project("{00D1A9C2-B5F0-4AF3-8072-F6C62B433612}") = "SQL_DB_ACBEO_Trainingstool", "SQL_DB_ACBEO_Trainingstool\SQL_DB_ACBEO_Trainingstool.sqlproj", "{2233BCD0-BA71-43D5-BB1E-1897C2C9DBD8}"
EndProject
Project("{54435603-DBB4-11D2-8724-00A0C9A8B90C}") = "TrainingsToolWPF_GoodOldSchoolInstallerMSI", "TrainingsToolWPF_GoodOldSchoolInstallerMSI\TrainingsToolWPF_GoodOldSchoolInstallerMSI.vdproj", "{08021C98-CD0A-4F52-BCBA-3A3B1D66A744}"
EndProject
Global
	GlobalSection(SolutionConfigurationPlatforms) = preSolution
		Debug|Any CPU = Debug|Any CPU
		Debug|ARM = Debug|ARM
		Debug|ARM64 = Debug|ARM64
		Debug|x64 = Debug|x64
		Debug|x86 = Debug|x86
		Release|Any CPU = Release|Any CPU
		Release|ARM = Release|ARM
		Release|ARM64 = Release|ARM64
		Release|x64 = Release|x64
		Release|x86 = Release|x86
	EndGlobalSection
	GlobalSection(ProjectConfigurationPlatforms) = postSolution
		{AC4B1649-09E2-4B22-9624-D3FA8F2008DF}.Debug|Any CPU.ActiveCfg = Debug|Any CPU
		{AC4B1649-09E2-4B22-9624-D3FA8F2008DF}.Debug|Any CPU.Build.0 = Debug|Any CPU
		{AC4B1649-09E2-4B22-9624-D3FA8F2008DF}.Debug|ARM.ActiveCfg = Debug|Any CPU
		{AC4B1649-09E2-4B22-9624-D3FA8F2008DF}.Debug|ARM.Build.0 = Debug|Any CPU
		{AC4B1649-09E2-4B22-9624-D3FA8F2008DF}.Debug|ARM64.ActiveCfg = Debug|Any CPU
		{AC4B1649-09E2-4B22-9624-D3FA8F2008DF}.Debug|ARM64.Build.0 = Debug|Any CPU
		{AC4B1649-09E2-4B22-9624-D3FA8F2008DF}.Debug|x64.ActiveCfg = Debug|Any CPU
		{AC4B1649-09E2-4B22-9624-D3FA8F2008DF}.Debug|x64.Build.0 = Debug|Any CPU
		{AC4B1649-09E2-4B22-9624-D3FA8F2008DF}.Debug|x86.ActiveCfg = Debug|Any CPU
		{AC4B1649-09E2-4B22-9624-D3FA8F2008DF}.Debug|x86.Build.0 = Debug|Any CPU
		{AC4B1649-09E2-4B22-9624-D3FA8F2008DF}.Release|Any CPU.ActiveCfg = Release|Any CPU
		{AC4B1649-09E2-4B22-9624-D3FA8F2008DF}.Release|Any CPU.Build.0 = Release|Any CPU
		{AC4B1649-09E2-4B22-9624-D3FA8F2008DF}.Release|ARM.ActiveCfg = Release|Any CPU
		{AC4B1649-09E2-4B22-9624-D3FA8F2008DF}.Release|ARM.Build.0 = Release|Any CPU
		{AC4B1649-09E2-4B22-9624-D3FA8F2008DF}.Release|ARM64.ActiveCfg = Release|Any CPU
		{AC4B1649-09E2-4B22-9624-D3FA8F2008DF}.Release|ARM64.Build.0 = Release|Any CPU
		{AC4B1649-09E2-4B22-9624-D3FA8F2008DF}.Release|x64.ActiveCfg = Release|x64
		{AC4B1649-09E2-4B22-9624-D3FA8F2008DF}.Release|x64.Build.0 = Release|x64
		{AC4B1649-09E2-4B22-9624-D3FA8F2008DF}.Release|x86.ActiveCfg = Release|x86
		{AC4B1649-09E2-4B22-9624-D3FA8F2008DF}.Release|x86.Build.0 = Release|x86
		{2233BCD0-BA71-43D5-BB1E-1897C2C9DBD8}.Debug|Any CPU.ActiveCfg = Debug|Any CPU
		{2233BCD0-BA71-43D5-BB1E-1897C2C9DBD8}.Debug|Any CPU.Build.0 = Debug|Any CPU
		{2233BCD0-BA71-43D5-BB1E-1897C2C9DBD8}.Debug|Any CPU.Deploy.0 = Debug|Any CPU
		{2233BCD0-BA71-43D5-BB1E-1897C2C9DBD8}.Debug|ARM.ActiveCfg = Debug|Any CPU
		{2233BCD0-BA71-43D5-BB1E-1897C2C9DBD8}.Debug|ARM.Build.0 = Debug|Any CPU
		{2233BCD0-BA71-43D5-BB1E-1897C2C9DBD8}.Debug|ARM.Deploy.0 = Debug|Any CPU
		{2233BCD0-BA71-43D5-BB1E-1897C2C9DBD8}.Debug|ARM64.ActiveCfg = Debug|Any CPU
		{2233BCD0-BA71-43D5-BB1E-1897C2C9DBD8}.Debug|ARM64.Build.0 = Debug|Any CPU
		{2233BCD0-BA71-43D5-BB1E-1897C2C9DBD8}.Debug|ARM64.Deploy.0 = Debug|Any CPU
		{2233BCD0-BA71-43D5-BB1E-1897C2C9DBD8}.Debug|x64.ActiveCfg = Debug|Any CPU
		{2233BCD0-BA71-43D5-BB1E-1897C2C9DBD8}.Debug|x64.Build.0 = Debug|Any CPU
		{2233BCD0-BA71-43D5-BB1E-1897C2C9DBD8}.Debug|x64.Deploy.0 = Debug|Any CPU
		{2233BCD0-BA71-43D5-BB1E-1897C2C9DBD8}.Debug|x86.ActiveCfg = Debug|Any CPU
		{2233BCD0-BA71-43D5-BB1E-1897C2C9DBD8}.Debug|x86.Build.0 = Debug|Any CPU
		{2233BCD0-BA71-43D5-BB1E-1897C2C9DBD8}.Debug|x86.Deploy.0 = Debug|Any CPU
		{2233BCD0-BA71-43D5-BB1E-1897C2C9DBD8}.Release|Any CPU.ActiveCfg = Release|Any CPU
		{2233BCD0-BA71-43D5-BB1E-1897C2C9DBD8}.Release|Any CPU.Build.0 = Release|Any CPU
		{2233BCD0-BA71-43D5-BB1E-1897C2C9DBD8}.Release|Any CPU.Deploy.0 = Release|Any CPU
		{2233BCD0-BA71-43D5-BB1E-1897C2C9DBD8}.Release|ARM.ActiveCfg = Release|Any CPU
		{2233BCD0-BA71-43D5-BB1E-1897C2C9DBD8}.Release|ARM.Build.0 = Release|Any CPU
		{2233BCD0-BA71-43D5-BB1E-1897C2C9DBD8}.Release|ARM.Deploy.0 = Release|Any CPU
		{2233BCD0-BA71-43D5-BB1E-1897C2C9DBD8}.Release|ARM64.ActiveCfg = Release|Any CPU
		{2233BCD0-BA71-43D5-BB1E-1897C2C9DBD8}.Release|ARM64.Build.0 = Release|Any CPU
		{2233BCD0-BA71-43D5-BB1E-1897C2C9DBD8}.Release|ARM64.Deploy.0 = Release|Any CPU
		{2233BCD0-BA71-43D5-BB1E-1897C2C9DBD8}.Release|x64.ActiveCfg = Release|x64
		{2233BCD0-BA71-43D5-BB1E-1897C2C9DBD8}.Release|x64.Build.0 = Release|x64
		{2233BCD0-BA71-43D5-BB1E-1897C2C9DBD8}.Release|x64.Deploy.0 = Release|x64
		{2233BCD0-BA71-43D5-BB1E-1897C2C9DBD8}.Release|x86.ActiveCfg = Release|x86
		{2233BCD0-BA71-43D5-BB1E-1897C2C9DBD8}.Release|x86.Build.0 = Release|x86
		{2233BCD0-BA71-43D5-BB1E-1897C2C9DBD8}.Release|x86.Deploy.0 = Release|x86
		{08021C98-CD0A-4F52-BCBA-3A3B1D66A744}.Debug|Any CPU.ActiveCfg = Debug
		{08021C98-CD0A-4F52-BCBA-3A3B1D66A744}.Debug|ARM.ActiveCfg = Debug
		{08021C98-CD0A-4F52-BCBA-3A3B1D66A744}.Debug|ARM64.ActiveCfg = Debug
		{08021C98-CD0A-4F52-BCBA-3A3B1D66A744}.Debug|x64.ActiveCfg = Debug
		{08021C98-CD0A-4F52-BCBA-3A3B1D66A744}.Debug|x86.ActiveCfg = Debug
		{08021C98-CD0A-4F52-BCBA-3A3B1D66A744}.Release|Any CPU.ActiveCfg = Release
		{08021C98-CD0A-4F52-BCBA-3A3B1D66A744}.Release|ARM.ActiveCfg = Release
		{08021C98-CD0A-4F52-BCBA-3A3B1D66A744}.Release|ARM64.ActiveCfg = Release
		{08021C98-CD0A-4F52-BCBA-3A3B1D66A744}.Release|x64.ActiveCfg = Release
		{08021C98-CD0A-4F52-BCBA-3A3B1D66A744}.Release|x86.ActiveCfg = Release
	EndGlobalSection
	GlobalSection(SolutionProperties) = preSolution
		HideSolutionNode = FALSE
	EndGlobalSection
	GlobalSection(ExtensibilityGlobals) = postSolution
		SolutionGuid = {CCC162E7-D2CD-444B-89AB-61CBF1DCBFBC}
	EndGlobalSection
EndGlobal
